
Microsoft Visual Studio Solution File, Format Version 12.00
# Visual Studio Version 17
VisualStudioVersion = 17.3.32825.248
MinimumVisualStudioVersion = 10.0.40219.1
Project("{2150E333-8FDC-42A3-9474-1A3956D46DE8}") = "lab1", "lab1", "{3AAF6B9C-875F-476B-9CED-CD69CF11EE78}"
EndProject
Project("{2150E333-8FDC-42A3-9474-1A3956D46DE8}") = "lab2", "lab2", "{1852B295-2A31-43B7-8A41-CE495ACCB7ED}"
EndProject
Project("{2150E333-8FDC-42A3-9474-1A3956D46DE8}") = "lab3", "lab3", "{DE832535-FD4D-47AD-9B76-F1B88332D05C}"
EndProject
Project("{2150E333-8FDC-42A3-9474-1A3956D46DE8}") = "lab4", "lab4", "{DF03BCE8-555B-4823-B987-3ECAD2F559FB}"
EndProject
Project("{8BC9CEB8-8B4A-11D0-8D11-00A0C91BC942}") = "lab1task1", "lab1\lab1task1\lab1task1.vcxproj", "{F0E96029-6F50-4275-BC52-9C2193282C9E}"
EndProject
Project("{8BC9CEB8-8B4A-11D0-8D11-00A0C91BC942}") = "lab1task2", "lab1\lab1task2\lab1task2.vcxproj", "{4CD47797-A194-4319-B08E-B38E9A8F5F18}"
EndProject
Project("{8BC9CEB8-8B4A-11D0-8D11-00A0C91BC942}") = "lab1task3", "lab1\lab1task3\lab1task3.vcxproj", "{A9B4CC10-5070-40B8-93D2-C7364F01EB3B}"
EndProject
Project("{8BC9CEB8-8B4A-11D0-8D11-00A0C91BC942}") = "lab1task4", "lab1\lab1task4\lab1task4.vcxproj", "{8B5C9EAC-52E4-40E8-AA8C-E3AB1FB7AA51}"
EndProject
Project("{8BC9CEB8-8B4A-11D0-8D11-00A0C91BC942}") = "lab1task5", "lab1\lab1task5\lab1task5.vcxproj", "{3CB7C0B1-786C-4B94-97BF-9CAB436AC2C9}"
EndProject
Project("{8BC9CEB8-8B4A-11D0-8D11-00A0C91BC942}") = "lab1task6", "lab1\lab1task6\lab1task6.vcxproj", "{2C67FB95-DCF7-46F0-9118-22C68F536EB4}"
EndProject
Project("{8BC9CEB8-8B4A-11D0-8D11-00A0C91BC942}") = "lab1task7", "lab1\lab1task7\lab1task7.vcxproj", "{007BF057-E179-4843-9577-07A906F5797D}"
EndProject
Project("{8BC9CEB8-8B4A-11D0-8D11-00A0C91BC942}") = "lab1task8", "lab1\lab1task8\lab1task8.vcxproj", "{A9402433-E8EE-4587-9E0D-1D0F9D820180}"
EndProject
Project("{8BC9CEB8-8B4A-11D0-8D11-00A0C91BC942}") = "lab1task9", "lab1\lab1task9\lab1task9.vcxproj", "{671D6019-A3FB-4629-8F8D-61CF3FD1BE12}"
EndProject
Project("{8BC9CEB8-8B4A-11D0-8D11-00A0C91BC942}") = "lab1task10", "lab1\lab1task10\lab1task10.vcxproj", "{02A06878-3A07-4963-B7A5-2D6386A48D5D}"
EndProject
Project("{8BC9CEB8-8B4A-11D0-8D11-00A0C91BC942}") = "lab2task1", "lab2\lab2task1\lab2task1.vcxproj", "{A5DEC16C-D592-455A-A1B3-5F1E9ECC39AA}"
EndProject
Project("{8BC9CEB8-8B4A-11D0-8D11-00A0C91BC942}") = "lab2task2", "lab2\lab2task2\lab2task2.vcxproj", "{C0D8FF1E-F5C1-4899-9F45-BA9DF502822E}"
EndProject
Project("{8BC9CEB8-8B4A-11D0-8D11-00A0C91BC942}") = "lab2task3", "lab2\lab2task3\lab2task3.vcxproj", "{A6314D9D-B163-4BA7-ADD0-CE095A365451}"
EndProject
Project("{8BC9CEB8-8B4A-11D0-8D11-00A0C91BC942}") = "lab2task4", "lab2\lab2task4\lab2task4.vcxproj", "{BA2E9442-1B40-44D6-BF6A-AD6E56702752}"
EndProject
Project("{8BC9CEB8-8B4A-11D0-8D11-00A0C91BC942}") = "lab2task5", "lab2\lab2task5\lab2task5.vcxproj", "{C9CE9FCC-C072-48D5-9533-475190ADDB3A}"
EndProject
Project("{8BC9CEB8-8B4A-11D0-8D11-00A0C91BC942}") = "lab2task6", "lab2\lab2task6\lab2task6.vcxproj", "{A40A0A7D-6FCF-4A05-A70B-962DAA9F44F8}"
EndProject
Project("{8BC9CEB8-8B4A-11D0-8D11-00A0C91BC942}") = "lab2task7", "lab2\lab2task7\lab2task7.vcxproj", "{A98846D9-C45F-4F95-A420-50F1A7E31946}"
EndProject
Project("{8BC9CEB8-8B4A-11D0-8D11-00A0C91BC942}") = "lab2task8", "lab2\lab2task8\lab2task8.vcxproj", "{9A2BB6F9-DD63-485D-9C22-DFF8A950091F}"
EndProject
Project("{8BC9CEB8-8B4A-11D0-8D11-00A0C91BC942}") = "lab2task9", "lab2\lab2task9\lab2task9.vcxproj", "{925D9B9D-9686-4945-B638-F435592A5AB5}"
EndProject
Project("{8BC9CEB8-8B4A-11D0-8D11-00A0C91BC942}") = "lab2task10", "lab2\lab2task10\lab2task10.vcxproj", "{FC9BCE8C-03EA-4F94-AD52-08337D2F1F93}"
EndProject
Project("{8BC9CEB8-8B4A-11D0-8D11-00A0C91BC942}") = "lab3task1", "lab3\lab3task1\lab3task1.vcxproj", "{D2E50414-E7CE-4059-9799-41525ACBE9ED}"
EndProject
Project("{8BC9CEB8-8B4A-11D0-8D11-00A0C91BC942}") = "lab3task2", "lab3\lab3task2\lab3task2.vcxproj", "{09D581CC-5791-4155-AC9F-31551158B339}"
EndProject
Project("{8BC9CEB8-8B4A-11D0-8D11-00A0C91BC942}") = "lab3task3", "lab3\lab3task3\lab3task3.vcxproj", "{2A10335C-210D-4623-907B-5A7A0BA0822A}"
EndProject
Project("{8BC9CEB8-8B4A-11D0-8D11-00A0C91BC942}") = "lab3task4", "lab3\lab3task4\lab3task4.vcxproj", "{01CAB889-DD87-43B2-9A41-B73039CFE0E7}"
EndProject
Project("{8BC9CEB8-8B4A-11D0-8D11-00A0C91BC942}") = "lab3task5", "lab3\lab3task5\lab3task5.vcxproj", "{872520B5-4107-4059-AA8F-290D2BB97E79}"
EndProject
Project("{8BC9CEB8-8B4A-11D0-8D11-00A0C91BC942}") = "lab3task6", "lab3\lab3task6\lab3task6.vcxproj", "{1E5DB20F-4A5C-4A67-A0EC-CDF3BF62D0B8}"
EndProject
Project("{8BC9CEB8-8B4A-11D0-8D11-00A0C91BC942}") = "lab3task7", "lab3\lab3task7\lab3task7.vcxproj", "{8538B541-439E-4E00-8FE7-AFD7665753D1}"
EndProject
Project("{8BC9CEB8-8B4A-11D0-8D11-00A0C91BC942}") = "lab3task8", "lab3\lab3task8\lab3task8.vcxproj", "{3760E81C-6A45-4134-9BB4-CE29844BB16D}"
EndProject
Project("{8BC9CEB8-8B4A-11D0-8D11-00A0C91BC942}") = "lab3task9", "lab3\lab3task9\lab3task9.vcxproj", "{A67062ED-1B39-47D1-9653-5EA779133D9B}"
EndProject
Project("{8BC9CEB8-8B4A-11D0-8D11-00A0C91BC942}") = "lab4task1", "lab4\lab4task1\lab4task1.vcxproj", "{0707257F-61F5-46A6-A33F-FF80CAD2CEC4}"
EndProject
Project("{8BC9CEB8-8B4A-11D0-8D11-00A0C91BC942}") = "lab4task2", "lab4\lab4task2\lab4task2.vcxproj", "{21A07A58-5C80-4FC7-AC77-CC17AE329DF4}"
EndProject
Project("{8BC9CEB8-8B4A-11D0-8D11-00A0C91BC942}") = "lab4task3", "lab4\lab4task3\lab4task3.vcxproj", "{8DB7A8EA-106B-4EA5-8616-9F7C7CC49672}"
EndProject
Project("{8BC9CEB8-8B4A-11D0-8D11-00A0C91BC942}") = "lab4task4", "lab4\lab4task4\lab4task4.vcxproj", "{B791AA31-0F64-4EEE-B624-7EFDF4C63F17}"
EndProject
Project("{8BC9CEB8-8B4A-11D0-8D11-00A0C91BC942}") = "lab4task5", "lab4\lab4task5\lab4task5.vcxproj", "{42844C48-E015-4E93-9F33-E83C339D0FA7}"
EndProject
Project("{8BC9CEB8-8B4A-11D0-8D11-00A0C91BC942}") = "lab4task6", "lab4\lab4task6\lab4task6.vcxproj", "{5CE3FB6F-43D2-403A-9D01-58AE2875C0EC}"
EndProject
Project("{8BC9CEB8-8B4A-11D0-8D11-00A0C91BC942}") = "lab4task7", "lab4\lab4task7\lab4task7.vcxproj", "{6BCA1F73-111F-4786-9438-E861D9CCB8D5}"
EndProject
Project("{8BC9CEB8-8B4A-11D0-8D11-00A0C91BC942}") = "lab4task8", "lab4\lab4task8\lab4task8.vcxproj", "{6527853A-62E3-4DB5-BCD9-86A453E44668}"
EndProject
Project("{8BC9CEB8-8B4A-11D0-8D11-00A0C91BC942}") = "lab4task9", "lab4\lab4task9\lab4task9.vcxproj", "{1E81C08E-9F68-48CD-A4C8-2A08C96F9194}"
EndProject
Project("{8BC9CEB8-8B4A-11D0-8D11-00A0C91BC942}") = "lab4task10", "lab4\lab4task10\lab4task10.vcxproj", "{DC98C412-E015-4E4C-A49C-5021F028D84B}"
EndProject
Project("{8BC9CEB8-8B4A-11D0-8D11-00A0C91BC942}") = "lab3task10-2", "lab3\lab3task10-2\lab3task10-2.vcxproj", "{DFB1C98C-DEE7-4EB8-938D-97B4A30BEBA2}"
EndProject
Project("{8BC9CEB8-8B4A-11D0-8D11-00A0C91BC942}") = "lab3task10-1", "lab3\lab3task10-1\lab3task10-1.vcxproj", "{0C06A418-BBFE-4BBC-A875-7C50A0B556C8}"
EndProject
Global
	GlobalSection(SolutionConfigurationPlatforms) = preSolution
		Debug|x64 = Debug|x64
		Debug|x86 = Debug|x86
		Release|x64 = Release|x64
		Release|x86 = Release|x86
	EndGlobalSection
	GlobalSection(ProjectConfigurationPlatforms) = postSolution
		{F0E96029-6F50-4275-BC52-9C2193282C9E}.Debug|x64.ActiveCfg = Debug|x64
		{F0E96029-6F50-4275-BC52-9C2193282C9E}.Debug|x64.Build.0 = Debug|x64
		{F0E96029-6F50-4275-BC52-9C2193282C9E}.Debug|x86.ActiveCfg = Debug|Win32
		{F0E96029-6F50-4275-BC52-9C2193282C9E}.Debug|x86.Build.0 = Debug|Win32
		{F0E96029-6F50-4275-BC52-9C2193282C9E}.Release|x64.ActiveCfg = Release|x64
		{F0E96029-6F50-4275-BC52-9C2193282C9E}.Release|x64.Build.0 = Release|x64
		{F0E96029-6F50-4275-BC52-9C2193282C9E}.Release|x86.ActiveCfg = Release|Win32
		{F0E96029-6F50-4275-BC52-9C2193282C9E}.Release|x86.Build.0 = Release|Win32
		{4CD47797-A194-4319-B08E-B38E9A8F5F18}.Debug|x64.ActiveCfg = Debug|x64
		{4CD47797-A194-4319-B08E-B38E9A8F5F18}.Debug|x64.Build.0 = Debug|x64
		{4CD47797-A194-4319-B08E-B38E9A8F5F18}.Debug|x86.ActiveCfg = Debug|Win32
		{4CD47797-A194-4319-B08E-B38E9A8F5F18}.Debug|x86.Build.0 = Debug|Win32
		{4CD47797-A194-4319-B08E-B38E9A8F5F18}.Release|x64.ActiveCfg = Release|x64
		{4CD47797-A194-4319-B08E-B38E9A8F5F18}.Release|x64.Build.0 = Release|x64
		{4CD47797-A194-4319-B08E-B38E9A8F5F18}.Release|x86.ActiveCfg = Release|Win32
		{4CD47797-A194-4319-B08E-B38E9A8F5F18}.Release|x86.Build.0 = Release|Win32
		{A9B4CC10-5070-40B8-93D2-C7364F01EB3B}.Debug|x64.ActiveCfg = Debug|x64
		{A9B4CC10-5070-40B8-93D2-C7364F01EB3B}.Debug|x64.Build.0 = Debug|x64
		{A9B4CC10-5070-40B8-93D2-C7364F01EB3B}.Debug|x86.ActiveCfg = Debug|Win32
		{A9B4CC10-5070-40B8-93D2-C7364F01EB3B}.Debug|x86.Build.0 = Debug|Win32
		{A9B4CC10-5070-40B8-93D2-C7364F01EB3B}.Release|x64.ActiveCfg = Release|x64
		{A9B4CC10-5070-40B8-93D2-C7364F01EB3B}.Release|x64.Build.0 = Release|x64
		{A9B4CC10-5070-40B8-93D2-C7364F01EB3B}.Release|x86.ActiveCfg = Release|Win32
		{A9B4CC10-5070-40B8-93D2-C7364F01EB3B}.Release|x86.Build.0 = Release|Win32
		{8B5C9EAC-52E4-40E8-AA8C-E3AB1FB7AA51}.Debug|x64.ActiveCfg = Debug|x64
		{8B5C9EAC-52E4-40E8-AA8C-E3AB1FB7AA51}.Debug|x64.Build.0 = Debug|x64
		{8B5C9EAC-52E4-40E8-AA8C-E3AB1FB7AA51}.Debug|x86.ActiveCfg = Debug|Win32
		{8B5C9EAC-52E4-40E8-AA8C-E3AB1FB7AA51}.Debug|x86.Build.0 = Debug|Win32
		{8B5C9EAC-52E4-40E8-AA8C-E3AB1FB7AA51}.Release|x64.ActiveCfg = Release|x64
		{8B5C9EAC-52E4-40E8-AA8C-E3AB1FB7AA51}.Release|x64.Build.0 = Release|x64
		{8B5C9EAC-52E4-40E8-AA8C-E3AB1FB7AA51}.Release|x86.ActiveCfg = Release|Win32
		{8B5C9EAC-52E4-40E8-AA8C-E3AB1FB7AA51}.Release|x86.Build.0 = Release|Win32
		{3CB7C0B1-786C-4B94-97BF-9CAB436AC2C9}.Debug|x64.ActiveCfg = Debug|x64
		{3CB7C0B1-786C-4B94-97BF-9CAB436AC2C9}.Debug|x64.Build.0 = Debug|x64
		{3CB7C0B1-786C-4B94-97BF-9CAB436AC2C9}.Debug|x86.ActiveCfg = Debug|Win32
		{3CB7C0B1-786C-4B94-97BF-9CAB436AC2C9}.Debug|x86.Build.0 = Debug|Win32
		{3CB7C0B1-786C-4B94-97BF-9CAB436AC2C9}.Release|x64.ActiveCfg = Release|x64
		{3CB7C0B1-786C-4B94-97BF-9CAB436AC2C9}.Release|x64.Build.0 = Release|x64
		{3CB7C0B1-786C-4B94-97BF-9CAB436AC2C9}.Release|x86.ActiveCfg = Release|Win32
		{3CB7C0B1-786C-4B94-97BF-9CAB436AC2C9}.Release|x86.Build.0 = Release|Win32
		{2C67FB95-DCF7-46F0-9118-22C68F536EB4}.Debug|x64.ActiveCfg = Debug|x64
		{2C67FB95-DCF7-46F0-9118-22C68F536EB4}.Debug|x64.Build.0 = Debug|x64
		{2C67FB95-DCF7-46F0-9118-22C68F536EB4}.Debug|x86.ActiveCfg = Debug|Win32
		{2C67FB95-DCF7-46F0-9118-22C68F536EB4}.Debug|x86.Build.0 = Debug|Win32
		{2C67FB95-DCF7-46F0-9118-22C68F536EB4}.Release|x64.ActiveCfg = Release|x64
		{2C67FB95-DCF7-46F0-9118-22C68F536EB4}.Release|x64.Build.0 = Release|x64
		{2C67FB95-DCF7-46F0-9118-22C68F536EB4}.Release|x86.ActiveCfg = Release|Win32
		{2C67FB95-DCF7-46F0-9118-22C68F536EB4}.Release|x86.Build.0 = Release|Win32
		{007BF057-E179-4843-9577-07A906F5797D}.Debug|x64.ActiveCfg = Debug|x64
		{007BF057-E179-4843-9577-07A906F5797D}.Debug|x64.Build.0 = Debug|x64
		{007BF057-E179-4843-9577-07A906F5797D}.Debug|x86.ActiveCfg = Debug|Win32
		{007BF057-E179-4843-9577-07A906F5797D}.Debug|x86.Build.0 = Debug|Win32
		{007BF057-E179-4843-9577-07A906F5797D}.Release|x64.ActiveCfg = Release|x64
		{007BF057-E179-4843-9577-07A906F5797D}.Release|x64.Build.0 = Release|x64
		{007BF057-E179-4843-9577-07A906F5797D}.Release|x86.ActiveCfg = Release|Win32
		{007BF057-E179-4843-9577-07A906F5797D}.Release|x86.Build.0 = Release|Win32
		{A9402433-E8EE-4587-9E0D-1D0F9D820180}.Debug|x64.ActiveCfg = Debug|x64
		{A9402433-E8EE-4587-9E0D-1D0F9D820180}.Debug|x64.Build.0 = Debug|x64
		{A9402433-E8EE-4587-9E0D-1D0F9D820180}.Debug|x86.ActiveCfg = Debug|Win32
		{A9402433-E8EE-4587-9E0D-1D0F9D820180}.Debug|x86.Build.0 = Debug|Win32
		{A9402433-E8EE-4587-9E0D-1D0F9D820180}.Release|x64.ActiveCfg = Release|x64
		{A9402433-E8EE-4587-9E0D-1D0F9D820180}.Release|x64.Build.0 = Release|x64
		{A9402433-E8EE-4587-9E0D-1D0F9D820180}.Release|x86.ActiveCfg = Release|Win32
		{A9402433-E8EE-4587-9E0D-1D0F9D820180}.Release|x86.Build.0 = Release|Win32
		{671D6019-A3FB-4629-8F8D-61CF3FD1BE12}.Debug|x64.ActiveCfg = Debug|x64
		{671D6019-A3FB-4629-8F8D-61CF3FD1BE12}.Debug|x64.Build.0 = Debug|x64
		{671D6019-A3FB-4629-8F8D-61CF3FD1BE12}.Debug|x86.ActiveCfg = Debug|Win32
		{671D6019-A3FB-4629-8F8D-61CF3FD1BE12}.Debug|x86.Build.0 = Debug|Win32
		{671D6019-A3FB-4629-8F8D-61CF3FD1BE12}.Release|x64.ActiveCfg = Release|x64
		{671D6019-A3FB-4629-8F8D-61CF3FD1BE12}.Release|x64.Build.0 = Release|x64
		{671D6019-A3FB-4629-8F8D-61CF3FD1BE12}.Release|x86.ActiveCfg = Release|Win32
		{671D6019-A3FB-4629-8F8D-61CF3FD1BE12}.Release|x86.Build.0 = Release|Win32
		{02A06878-3A07-4963-B7A5-2D6386A48D5D}.Debug|x64.ActiveCfg = Debug|x64
		{02A06878-3A07-4963-B7A5-2D6386A48D5D}.Debug|x64.Build.0 = Debug|x64
		{02A06878-3A07-4963-B7A5-2D6386A48D5D}.Debug|x86.ActiveCfg = Debug|Win32
		{02A06878-3A07-4963-B7A5-2D6386A48D5D}.Debug|x86.Build.0 = Debug|Win32
		{02A06878-3A07-4963-B7A5-2D6386A48D5D}.Release|x64.ActiveCfg = Release|x64
		{02A06878-3A07-4963-B7A5-2D6386A48D5D}.Release|x64.Build.0 = Release|x64
		{02A06878-3A07-4963-B7A5-2D6386A48D5D}.Release|x86.ActiveCfg = Release|Win32
		{02A06878-3A07-4963-B7A5-2D6386A48D5D}.Release|x86.Build.0 = Release|Win32
		{A5DEC16C-D592-455A-A1B3-5F1E9ECC39AA}.Debug|x64.ActiveCfg = Debug|x64
		{A5DEC16C-D592-455A-A1B3-5F1E9ECC39AA}.Debug|x64.Build.0 = Debug|x64
		{A5DEC16C-D592-455A-A1B3-5F1E9ECC39AA}.Debug|x86.ActiveCfg = Debug|Win32
		{A5DEC16C-D592-455A-A1B3-5F1E9ECC39AA}.Debug|x86.Build.0 = Debug|Win32
		{A5DEC16C-D592-455A-A1B3-5F1E9ECC39AA}.Release|x64.ActiveCfg = Release|x64
		{A5DEC16C-D592-455A-A1B3-5F1E9ECC39AA}.Release|x64.Build.0 = Release|x64
		{A5DEC16C-D592-455A-A1B3-5F1E9ECC39AA}.Release|x86.ActiveCfg = Release|Win32
		{A5DEC16C-D592-455A-A1B3-5F1E9ECC39AA}.Release|x86.Build.0 = Release|Win32
		{C0D8FF1E-F5C1-4899-9F45-BA9DF502822E}.Debug|x64.ActiveCfg = Debug|x64
		{C0D8FF1E-F5C1-4899-9F45-BA9DF502822E}.Debug|x64.Build.0 = Debug|x64
		{C0D8FF1E-F5C1-4899-9F45-BA9DF502822E}.Debug|x86.ActiveCfg = Debug|Win32
		{C0D8FF1E-F5C1-4899-9F45-BA9DF502822E}.Debug|x86.Build.0 = Debug|Win32
		{C0D8FF1E-F5C1-4899-9F45-BA9DF502822E}.Release|x64.ActiveCfg = Release|x64
		{C0D8FF1E-F5C1-4899-9F45-BA9DF502822E}.Release|x64.Build.0 = Release|x64
		{C0D8FF1E-F5C1-4899-9F45-BA9DF502822E}.Release|x86.ActiveCfg = Release|Win32
		{C0D8FF1E-F5C1-4899-9F45-BA9DF502822E}.Release|x86.Build.0 = Release|Win32
		{A6314D9D-B163-4BA7-ADD0-CE095A365451}.Debug|x64.ActiveCfg = Debug|x64
		{A6314D9D-B163-4BA7-ADD0-CE095A365451}.Debug|x64.Build.0 = Debug|x64
		{A6314D9D-B163-4BA7-ADD0-CE095A365451}.Debug|x86.ActiveCfg = Debug|Win32
		{A6314D9D-B163-4BA7-ADD0-CE095A365451}.Debug|x86.Build.0 = Debug|Win32
		{A6314D9D-B163-4BA7-ADD0-CE095A365451}.Release|x64.ActiveCfg = Release|x64
		{A6314D9D-B163-4BA7-ADD0-CE095A365451}.Release|x64.Build.0 = Release|x64
		{A6314D9D-B163-4BA7-ADD0-CE095A365451}.Release|x86.ActiveCfg = Release|Win32
		{A6314D9D-B163-4BA7-ADD0-CE095A365451}.Release|x86.Build.0 = Release|Win32
		{BA2E9442-1B40-44D6-BF6A-AD6E56702752}.Debug|x64.ActiveCfg = Debug|x64
		{BA2E9442-1B40-44D6-BF6A-AD6E56702752}.Debug|x64.Build.0 = Debug|x64
		{BA2E9442-1B40-44D6-BF6A-AD6E56702752}.Debug|x86.ActiveCfg = Debug|Win32
		{BA2E9442-1B40-44D6-BF6A-AD6E56702752}.Debug|x86.Build.0 = Debug|Win32
		{BA2E9442-1B40-44D6-BF6A-AD6E56702752}.Release|x64.ActiveCfg = Release|x64
		{BA2E9442-1B40-44D6-BF6A-AD6E56702752}.Release|x64.Build.0 = Release|x64
		{BA2E9442-1B40-44D6-BF6A-AD6E56702752}.Release|x86.ActiveCfg = Release|Win32
		{BA2E9442-1B40-44D6-BF6A-AD6E56702752}.Release|x86.Build.0 = Release|Win32
		{C9CE9FCC-C072-48D5-9533-475190ADDB3A}.Debug|x64.ActiveCfg = Debug|x64
		{C9CE9FCC-C072-48D5-9533-475190ADDB3A}.Debug|x64.Build.0 = Debug|x64
		{C9CE9FCC-C072-48D5-9533-475190ADDB3A}.Debug|x86.ActiveCfg = Debug|Win32
		{C9CE9FCC-C072-48D5-9533-475190ADDB3A}.Debug|x86.Build.0 = Debug|Win32
		{C9CE9FCC-C072-48D5-9533-475190ADDB3A}.Release|x64.ActiveCfg = Release|x64
		{C9CE9FCC-C072-48D5-9533-475190ADDB3A}.Release|x64.Build.0 = Release|x64
		{C9CE9FCC-C072-48D5-9533-475190ADDB3A}.Release|x86.ActiveCfg = Release|Win32
		{C9CE9FCC-C072-48D5-9533-475190ADDB3A}.Release|x86.Build.0 = Release|Win32
		{A40A0A7D-6FCF-4A05-A70B-962DAA9F44F8}.Debug|x64.ActiveCfg = Debug|x64
		{A40A0A7D-6FCF-4A05-A70B-962DAA9F44F8}.Debug|x64.Build.0 = Debug|x64
		{A40A0A7D-6FCF-4A05-A70B-962DAA9F44F8}.Debug|x86.ActiveCfg = Debug|Win32
		{A40A0A7D-6FCF-4A05-A70B-962DAA9F44F8}.Debug|x86.Build.0 = Debug|Win32
		{A40A0A7D-6FCF-4A05-A70B-962DAA9F44F8}.Release|x64.ActiveCfg = Release|x64
		{A40A0A7D-6FCF-4A05-A70B-962DAA9F44F8}.Release|x64.Build.0 = Release|x64
		{A40A0A7D-6FCF-4A05-A70B-962DAA9F44F8}.Release|x86.ActiveCfg = Release|Win32
		{A40A0A7D-6FCF-4A05-A70B-962DAA9F44F8}.Release|x86.Build.0 = Release|Win32
		{A98846D9-C45F-4F95-A420-50F1A7E31946}.Debug|x64.ActiveCfg = Debug|x64
		{A98846D9-C45F-4F95-A420-50F1A7E31946}.Debug|x64.Build.0 = Debug|x64
		{A98846D9-C45F-4F95-A420-50F1A7E31946}.Debug|x86.ActiveCfg = Debug|Win32
		{A98846D9-C45F-4F95-A420-50F1A7E31946}.Debug|x86.Build.0 = Debug|Win32
		{A98846D9-C45F-4F95-A420-50F1A7E31946}.Release|x64.ActiveCfg = Release|x64
		{A98846D9-C45F-4F95-A420-50F1A7E31946}.Release|x64.Build.0 = Release|x64
		{A98846D9-C45F-4F95-A420-50F1A7E31946}.Release|x86.ActiveCfg = Release|Win32
		{A98846D9-C45F-4F95-A420-50F1A7E31946}.Release|x86.Build.0 = Release|Win32
		{9A2BB6F9-DD63-485D-9C22-DFF8A950091F}.Debug|x64.ActiveCfg = Debug|x64
		{9A2BB6F9-DD63-485D-9C22-DFF8A950091F}.Debug|x64.Build.0 = Debug|x64
		{9A2BB6F9-DD63-485D-9C22-DFF8A950091F}.Debug|x86.ActiveCfg = Debug|Win32
		{9A2BB6F9-DD63-485D-9C22-DFF8A950091F}.Debug|x86.Build.0 = Debug|Win32
		{9A2BB6F9-DD63-485D-9C22-DFF8A950091F}.Release|x64.ActiveCfg = Release|x64
		{9A2BB6F9-DD63-485D-9C22-DFF8A950091F}.Release|x64.Build.0 = Release|x64
		{9A2BB6F9-DD63-485D-9C22-DFF8A950091F}.Release|x86.ActiveCfg = Release|Win32
		{9A2BB6F9-DD63-485D-9C22-DFF8A950091F}.Release|x86.Build.0 = Release|Win32
		{925D9B9D-9686-4945-B638-F435592A5AB5}.Debug|x64.ActiveCfg = Debug|x64
		{925D9B9D-9686-4945-B638-F435592A5AB5}.Debug|x64.Build.0 = Debug|x64
		{925D9B9D-9686-4945-B638-F435592A5AB5}.Debug|x86.ActiveCfg = Debug|Win32
		{925D9B9D-9686-4945-B638-F435592A5AB5}.Debug|x86.Build.0 = Debug|Win32
		{925D9B9D-9686-4945-B638-F435592A5AB5}.Release|x64.ActiveCfg = Release|x64
		{925D9B9D-9686-4945-B638-F435592A5AB5}.Release|x64.Build.0 = Release|x64
		{925D9B9D-9686-4945-B638-F435592A5AB5}.Release|x86.ActiveCfg = Release|Win32
		{925D9B9D-9686-4945-B638-F435592A5AB5}.Release|x86.Build.0 = Release|Win32
		{FC9BCE8C-03EA-4F94-AD52-08337D2F1F93}.Debug|x64.ActiveCfg = Debug|x64
		{FC9BCE8C-03EA-4F94-AD52-08337D2F1F93}.Debug|x64.Build.0 = Debug|x64
		{FC9BCE8C-03EA-4F94-AD52-08337D2F1F93}.Debug|x86.ActiveCfg = Debug|Win32
		{FC9BCE8C-03EA-4F94-AD52-08337D2F1F93}.Debug|x86.Build.0 = Debug|Win32
		{FC9BCE8C-03EA-4F94-AD52-08337D2F1F93}.Release|x64.ActiveCfg = Release|x64
		{FC9BCE8C-03EA-4F94-AD52-08337D2F1F93}.Release|x64.Build.0 = Release|x64
		{FC9BCE8C-03EA-4F94-AD52-08337D2F1F93}.Release|x86.ActiveCfg = Release|Win32
		{FC9BCE8C-03EA-4F94-AD52-08337D2F1F93}.Release|x86.Build.0 = Release|Win32
		{D2E50414-E7CE-4059-9799-41525ACBE9ED}.Debug|x64.ActiveCfg = Debug|x64
		{D2E50414-E7CE-4059-9799-41525ACBE9ED}.Debug|x64.Build.0 = Debug|x64
		{D2E50414-E7CE-4059-9799-41525ACBE9ED}.Debug|x86.ActiveCfg = Debug|Win32
		{D2E50414-E7CE-4059-9799-41525ACBE9ED}.Debug|x86.Build.0 = Debug|Win32
		{D2E50414-E7CE-4059-9799-41525ACBE9ED}.Release|x64.ActiveCfg = Release|x64
		{D2E50414-E7CE-4059-9799-41525ACBE9ED}.Release|x64.Build.0 = Release|x64
		{D2E50414-E7CE-4059-9799-41525ACBE9ED}.Release|x86.ActiveCfg = Release|Win32
		{D2E50414-E7CE-4059-9799-41525ACBE9ED}.Release|x86.Build.0 = Release|Win32
		{09D581CC-5791-4155-AC9F-31551158B339}.Debug|x64.ActiveCfg = Debug|x64
		{09D581CC-5791-4155-AC9F-31551158B339}.Debug|x64.Build.0 = Debug|x64
		{09D581CC-5791-4155-AC9F-31551158B339}.Debug|x86.ActiveCfg = Debug|Win32
		{09D581CC-5791-4155-AC9F-31551158B339}.Debug|x86.Build.0 = Debug|Win32
		{09D581CC-5791-4155-AC9F-31551158B339}.Release|x64.ActiveCfg = Release|x64
		{09D581CC-5791-4155-AC9F-31551158B339}.Release|x64.Build.0 = Release|x64
		{09D581CC-5791-4155-AC9F-31551158B339}.Release|x86.ActiveCfg = Release|Win32
		{09D581CC-5791-4155-AC9F-31551158B339}.Release|x86.Build.0 = Release|Win32
		{2A10335C-210D-4623-907B-5A7A0BA0822A}.Debug|x64.ActiveCfg = Debug|x64
		{2A10335C-210D-4623-907B-5A7A0BA0822A}.Debug|x64.Build.0 = Debug|x64
		{2A10335C-210D-4623-907B-5A7A0BA0822A}.Debug|x86.ActiveCfg = Debug|Win32
		{2A10335C-210D-4623-907B-5A7A0BA0822A}.Debug|x86.Build.0 = Debug|Win32
		{2A10335C-210D-4623-907B-5A7A0BA0822A}.Release|x64.ActiveCfg = Release|x64
		{2A10335C-210D-4623-907B-5A7A0BA0822A}.Release|x64.Build.0 = Release|x64
		{2A10335C-210D-4623-907B-5A7A0BA0822A}.Release|x86.ActiveCfg = Release|Win32
		{2A10335C-210D-4623-907B-5A7A0BA0822A}.Release|x86.Build.0 = Release|Win32
		{01CAB889-DD87-43B2-9A41-B73039CFE0E7}.Debug|x64.ActiveCfg = Debug|x64
		{01CAB889-DD87-43B2-9A41-B73039CFE0E7}.Debug|x64.Build.0 = Debug|x64
		{01CAB889-DD87-43B2-9A41-B73039CFE0E7}.Debug|x86.ActiveCfg = Debug|Win32
		{01CAB889-DD87-43B2-9A41-B73039CFE0E7}.Debug|x86.Build.0 = Debug|Win32
		{01CAB889-DD87-43B2-9A41-B73039CFE0E7}.Release|x64.ActiveCfg = Release|x64
		{01CAB889-DD87-43B2-9A41-B73039CFE0E7}.Release|x64.Build.0 = Release|x64
		{01CAB889-DD87-43B2-9A41-B73039CFE0E7}.Release|x86.ActiveCfg = Release|Win32
		{01CAB889-DD87-43B2-9A41-B73039CFE0E7}.Release|x86.Build.0 = Release|Win32
		{872520B5-4107-4059-AA8F-290D2BB97E79}.Debug|x64.ActiveCfg = Debug|x64
		{872520B5-4107-4059-AA8F-290D2BB97E79}.Debug|x64.Build.0 = Debug|x64
		{872520B5-4107-4059-AA8F-290D2BB97E79}.Debug|x86.ActiveCfg = Debug|Win32
		{872520B5-4107-4059-AA8F-290D2BB97E79}.Debug|x86.Build.0 = Debug|Win32
		{872520B5-4107-4059-AA8F-290D2BB97E79}.Release|x64.ActiveCfg = Release|x64
		{872520B5-4107-4059-AA8F-290D2BB97E79}.Release|x64.Build.0 = Release|x64
		{872520B5-4107-4059-AA8F-290D2BB97E79}.Release|x86.ActiveCfg = Release|Win32
		{872520B5-4107-4059-AA8F-290D2BB97E79}.Release|x86.Build.0 = Release|Win32
		{1E5DB20F-4A5C-4A67-A0EC-CDF3BF62D0B8}.Debug|x64.ActiveCfg = Debug|x64
		{1E5DB20F-4A5C-4A67-A0EC-CDF3BF62D0B8}.Debug|x64.Build.0 = Debug|x64
		{1E5DB20F-4A5C-4A67-A0EC-CDF3BF62D0B8}.Debug|x86.ActiveCfg = Debug|Win32
		{1E5DB20F-4A5C-4A67-A0EC-CDF3BF62D0B8}.Debug|x86.Build.0 = Debug|Win32
		{1E5DB20F-4A5C-4A67-A0EC-CDF3BF62D0B8}.Release|x64.ActiveCfg = Release|x64
		{1E5DB20F-4A5C-4A67-A0EC-CDF3BF62D0B8}.Release|x64.Build.0 = Release|x64
		{1E5DB20F-4A5C-4A67-A0EC-CDF3BF62D0B8}.Release|x86.ActiveCfg = Release|Win32
		{1E5DB20F-4A5C-4A67-A0EC-CDF3BF62D0B8}.Release|x86.Build.0 = Release|Win32
		{8538B541-439E-4E00-8FE7-AFD7665753D1}.Debug|x64.ActiveCfg = Debug|x64
		{8538B541-439E-4E00-8FE7-AFD7665753D1}.Debug|x64.Build.0 = Debug|x64
		{8538B541-439E-4E00-8FE7-AFD7665753D1}.Debug|x86.ActiveCfg = Debug|Win32
		{8538B541-439E-4E00-8FE7-AFD7665753D1}.Debug|x86.Build.0 = Debug|Win32
		{8538B541-439E-4E00-8FE7-AFD7665753D1}.Release|x64.ActiveCfg = Release|x64
		{8538B541-439E-4E00-8FE7-AFD7665753D1}.Release|x64.Build.0 = Release|x64
		{8538B541-439E-4E00-8FE7-AFD7665753D1}.Release|x86.ActiveCfg = Release|Win32
		{8538B541-439E-4E00-8FE7-AFD7665753D1}.Release|x86.Build.0 = Release|Win32
		{3760E81C-6A45-4134-9BB4-CE29844BB16D}.Debug|x64.ActiveCfg = Debug|x64
		{3760E81C-6A45-4134-9BB4-CE29844BB16D}.Debug|x64.Build.0 = Debug|x64
		{3760E81C-6A45-4134-9BB4-CE29844BB16D}.Debug|x86.ActiveCfg = Debug|Win32
		{3760E81C-6A45-4134-9BB4-CE29844BB16D}.Debug|x86.Build.0 = Debug|Win32
		{3760E81C-6A45-4134-9BB4-CE29844BB16D}.Release|x64.ActiveCfg = Release|x64
		{3760E81C-6A45-4134-9BB4-CE29844BB16D}.Release|x64.Build.0 = Release|x64
		{3760E81C-6A45-4134-9BB4-CE29844BB16D}.Release|x86.ActiveCfg = Release|Win32
		{3760E81C-6A45-4134-9BB4-CE29844BB16D}.Release|x86.Build.0 = Release|Win32
		{A67062ED-1B39-47D1-9653-5EA779133D9B}.Debug|x64.ActiveCfg = Debug|x64
		{A67062ED-1B39-47D1-9653-5EA779133D9B}.Debug|x64.Build.0 = Debug|x64
		{A67062ED-1B39-47D1-9653-5EA779133D9B}.Debug|x86.ActiveCfg = Debug|Win32
		{A67062ED-1B39-47D1-9653-5EA779133D9B}.Debug|x86.Build.0 = Debug|Win32
		{A67062ED-1B39-47D1-9653-5EA779133D9B}.Release|x64.ActiveCfg = Release|x64
		{A67062ED-1B39-47D1-9653-5EA779133D9B}.Release|x64.Build.0 = Release|x64
		{A67062ED-1B39-47D1-9653-5EA779133D9B}.Release|x86.ActiveCfg = Release|Win32
		{A67062ED-1B39-47D1-9653-5EA779133D9B}.Release|x86.Build.0 = Release|Win32
		{0707257F-61F5-46A6-A33F-FF80CAD2CEC4}.Debug|x64.ActiveCfg = Debug|x64
		{0707257F-61F5-46A6-A33F-FF80CAD2CEC4}.Debug|x64.Build.0 = Debug|x64
		{0707257F-61F5-46A6-A33F-FF80CAD2CEC4}.Debug|x86.ActiveCfg = Debug|Win32
		{0707257F-61F5-46A6-A33F-FF80CAD2CEC4}.Debug|x86.Build.0 = Debug|Win32
		{0707257F-61F5-46A6-A33F-FF80CAD2CEC4}.Release|x64.ActiveCfg = Release|x64
		{0707257F-61F5-46A6-A33F-FF80CAD2CEC4}.Release|x64.Build.0 = Release|x64
		{0707257F-61F5-46A6-A33F-FF80CAD2CEC4}.Release|x86.ActiveCfg = Release|Win32
		{0707257F-61F5-46A6-A33F-FF80CAD2CEC4}.Release|x86.Build.0 = Release|Win32
		{21A07A58-5C80-4FC7-AC77-CC17AE329DF4}.Debug|x64.ActiveCfg = Debug|x64
		{21A07A58-5C80-4FC7-AC77-CC17AE329DF4}.Debug|x64.Build.0 = Debug|x64
		{21A07A58-5C80-4FC7-AC77-CC17AE329DF4}.Debug|x86.ActiveCfg = Debug|Win32
		{21A07A58-5C80-4FC7-AC77-CC17AE329DF4}.Debug|x86.Build.0 = Debug|Win32
		{21A07A58-5C80-4FC7-AC77-CC17AE329DF4}.Release|x64.ActiveCfg = Release|x64
		{21A07A58-5C80-4FC7-AC77-CC17AE329DF4}.Release|x64.Build.0 = Release|x64
		{21A07A58-5C80-4FC7-AC77-CC17AE329DF4}.Release|x86.ActiveCfg = Release|Win32
		{21A07A58-5C80-4FC7-AC77-CC17AE329DF4}.Release|x86.Build.0 = Release|Win32
		{8DB7A8EA-106B-4EA5-8616-9F7C7CC49672}.Debug|x64.ActiveCfg = Debug|x64
		{8DB7A8EA-106B-4EA5-8616-9F7C7CC49672}.Debug|x64.Build.0 = Debug|x64
		{8DB7A8EA-106B-4EA5-8616-9F7C7CC49672}.Debug|x86.ActiveCfg = Debug|Win32
		{8DB7A8EA-106B-4EA5-8616-9F7C7CC49672}.Debug|x86.Build.0 = Debug|Win32
		{8DB7A8EA-106B-4EA5-8616-9F7C7CC49672}.Release|x64.ActiveCfg = Release|x64
		{8DB7A8EA-106B-4EA5-8616-9F7C7CC49672}.Release|x64.Build.0 = Release|x64
		{8DB7A8EA-106B-4EA5-8616-9F7C7CC49672}.Release|x86.ActiveCfg = Release|Win32
		{8DB7A8EA-106B-4EA5-8616-9F7C7CC49672}.Release|x86.Build.0 = Release|Win32
		{B791AA31-0F64-4EEE-B624-7EFDF4C63F17}.Debug|x64.ActiveCfg = Debug|x64
		{B791AA31-0F64-4EEE-B624-7EFDF4C63F17}.Debug|x64.Build.0 = Debug|x64
		{B791AA31-0F64-4EEE-B624-7EFDF4C63F17}.Debug|x86.ActiveCfg = Debug|Win32
		{B791AA31-0F64-4EEE-B624-7EFDF4C63F17}.Debug|x86.Build.0 = Debug|Win32
		{B791AA31-0F64-4EEE-B624-7EFDF4C63F17}.Release|x64.ActiveCfg = Release|x64
		{B791AA31-0F64-4EEE-B624-7EFDF4C63F17}.Release|x64.Build.0 = Release|x64
		{B791AA31-0F64-4EEE-B624-7EFDF4C63F17}.Release|x86.ActiveCfg = Release|Win32
		{B791AA31-0F64-4EEE-B624-7EFDF4C63F17}.Release|x86.Build.0 = Release|Win32
		{42844C48-E015-4E93-9F33-E83C339D0FA7}.Debug|x64.ActiveCfg = Debug|x64
		{42844C48-E015-4E93-9F33-E83C339D0FA7}.Debug|x64.Build.0 = Debug|x64
		{42844C48-E015-4E93-9F33-E83C339D0FA7}.Debug|x86.ActiveCfg = Debug|Win32
		{42844C48-E015-4E93-9F33-E83C339D0FA7}.Debug|x86.Build.0 = Debug|Win32
		{42844C48-E015-4E93-9F33-E83C339D0FA7}.Release|x64.ActiveCfg = Release|x64
		{42844C48-E015-4E93-9F33-E83C339D0FA7}.Release|x64.Build.0 = Release|x64
		{42844C48-E015-4E93-9F33-E83C339D0FA7}.Release|x86.ActiveCfg = Release|Win32
		{42844C48-E015-4E93-9F33-E83C339D0FA7}.Release|x86.Build.0 = Release|Win32
		{5CE3FB6F-43D2-403A-9D01-58AE2875C0EC}.Debug|x64.ActiveCfg = Debug|x64
		{5CE3FB6F-43D2-403A-9D01-58AE2875C0EC}.Debug|x64.Build.0 = Debug|x64
		{5CE3FB6F-43D2-403A-9D01-58AE2875C0EC}.Debug|x86.ActiveCfg = Debug|Win32
		{5CE3FB6F-43D2-403A-9D01-58AE2875C0EC}.Debug|x86.Build.0 = Debug|Win32
		{5CE3FB6F-43D2-403A-9D01-58AE2875C0EC}.Release|x64.ActiveCfg = Release|x64
		{5CE3FB6F-43D2-403A-9D01-58AE2875C0EC}.Release|x64.Build.0 = Release|x64
		{5CE3FB6F-43D2-403A-9D01-58AE2875C0EC}.Release|x86.ActiveCfg = Release|Win32
		{5CE3FB6F-43D2-403A-9D01-58AE2875C0EC}.Release|x86.Build.0 = Release|Win32
		{6BCA1F73-111F-4786-9438-E861D9CCB8D5}.Debug|x64.ActiveCfg = Debug|x64
		{6BCA1F73-111F-4786-9438-E861D9CCB8D5}.Debug|x64.Build.0 = Debug|x64
		{6BCA1F73-111F-4786-9438-E861D9CCB8D5}.Debug|x86.ActiveCfg = Debug|Win32
		{6BCA1F73-111F-4786-9438-E861D9CCB8D5}.Debug|x86.Build.0 = Debug|Win32
		{6BCA1F73-111F-4786-9438-E861D9CCB8D5}.Release|x64.ActiveCfg = Release|x64
		{6BCA1F73-111F-4786-9438-E861D9CCB8D5}.Release|x64.Build.0 = Release|x64
		{6BCA1F73-111F-4786-9438-E861D9CCB8D5}.Release|x86.ActiveCfg = Release|Win32
		{6BCA1F73-111F-4786-9438-E861D9CCB8D5}.Release|x86.Build.0 = Release|Win32
		{6527853A-62E3-4DB5-BCD9-86A453E44668}.Debug|x64.ActiveCfg = Debug|x64
		{6527853A-62E3-4DB5-BCD9-86A453E44668}.Debug|x64.Build.0 = Debug|x64
		{6527853A-62E3-4DB5-BCD9-86A453E44668}.Debug|x86.ActiveCfg = Debug|Win32
		{6527853A-62E3-4DB5-BCD9-86A453E44668}.Debug|x86.Build.0 = Debug|Win32
		{6527853A-62E3-4DB5-BCD9-86A453E44668}.Release|x64.ActiveCfg = Release|x64
		{6527853A-62E3-4DB5-BCD9-86A453E44668}.Release|x64.Build.0 = Release|x64
		{6527853A-62E3-4DB5-BCD9-86A453E44668}.Release|x86.ActiveCfg = Release|Win32
		{6527853A-62E3-4DB5-BCD9-86A453E44668}.Release|x86.Build.0 = Release|Win32
		{1E81C08E-9F68-48CD-A4C8-2A08C96F9194}.Debug|x64.ActiveCfg = Debug|x64
		{1E81C08E-9F68-48CD-A4C8-2A08C96F9194}.Debug|x64.Build.0 = Debug|x64
		{1E81C08E-9F68-48CD-A4C8-2A08C96F9194}.Debug|x86.ActiveCfg = Debug|Win32
		{1E81C08E-9F68-48CD-A4C8-2A08C96F9194}.Debug|x86.Build.0 = Debug|Win32
		{1E81C08E-9F68-48CD-A4C8-2A08C96F9194}.Release|x64.ActiveCfg = Release|x64
		{1E81C08E-9F68-48CD-A4C8-2A08C96F9194}.Release|x64.Build.0 = Release|x64
		{1E81C08E-9F68-48CD-A4C8-2A08C96F9194}.Release|x86.ActiveCfg = Release|Win32
		{1E81C08E-9F68-48CD-A4C8-2A08C96F9194}.Release|x86.Build.0 = Release|Win32
		{DC98C412-E015-4E4C-A49C-5021F028D84B}.Debug|x64.ActiveCfg = Debug|x64
		{DC98C412-E015-4E4C-A49C-5021F028D84B}.Debug|x64.Build.0 = Debug|x64
		{DC98C412-E015-4E4C-A49C-5021F028D84B}.Debug|x86.ActiveCfg = Debug|Win32
		{DC98C412-E015-4E4C-A49C-5021F028D84B}.Debug|x86.Build.0 = Debug|Win32
		{DC98C412-E015-4E4C-A49C-5021F028D84B}.Release|x64.ActiveCfg = Release|x64
		{DC98C412-E015-4E4C-A49C-5021F028D84B}.Release|x64.Build.0 = Release|x64
		{DC98C412-E015-4E4C-A49C-5021F028D84B}.Release|x86.ActiveCfg = Release|Win32
		{DC98C412-E015-4E4C-A49C-5021F028D84B}.Release|x86.Build.0 = Release|Win32
		{DFB1C98C-DEE7-4EB8-938D-97B4A30BEBA2}.Debug|x64.ActiveCfg = Debug|x64
		{DFB1C98C-DEE7-4EB8-938D-97B4A30BEBA2}.Debug|x64.Build.0 = Debug|x64
		{DFB1C98C-DEE7-4EB8-938D-97B4A30BEBA2}.Debug|x86.ActiveCfg = Debug|Win32
		{DFB1C98C-DEE7-4EB8-938D-97B4A30BEBA2}.Debug|x86.Build.0 = Debug|Win32
		{DFB1C98C-DEE7-4EB8-938D-97B4A30BEBA2}.Release|x64.ActiveCfg = Release|x64
		{DFB1C98C-DEE7-4EB8-938D-97B4A30BEBA2}.Release|x64.Build.0 = Release|x64
		{DFB1C98C-DEE7-4EB8-938D-97B4A30BEBA2}.Release|x86.ActiveCfg = Release|Win32
		{DFB1C98C-DEE7-4EB8-938D-97B4A30BEBA2}.Release|x86.Build.0 = Release|Win32
		{0C06A418-BBFE-4BBC-A875-7C50A0B556C8}.Debug|x64.ActiveCfg = Debug|x64
		{0C06A418-BBFE-4BBC-A875-7C50A0B556C8}.Debug|x64.Build.0 = Debug|x64
		{0C06A418-BBFE-4BBC-A875-7C50A0B556C8}.Debug|x86.ActiveCfg = Debug|Win32
		{0C06A418-BBFE-4BBC-A875-7C50A0B556C8}.Debug|x86.Build.0 = Debug|Win32
		{0C06A418-BBFE-4BBC-A875-7C50A0B556C8}.Release|x64.ActiveCfg = Release|x64
		{0C06A418-BBFE-4BBC-A875-7C50A0B556C8}.Release|x64.Build.0 = Release|x64
		{0C06A418-BBFE-4BBC-A875-7C50A0B556C8}.Release|x86.ActiveCfg = Release|Win32
		{0C06A418-BBFE-4BBC-A875-7C50A0B556C8}.Release|x86.Build.0 = Release|Win32
	EndGlobalSection
	GlobalSection(SolutionProperties) = preSolution
		HideSolutionNode = FALSE
	EndGlobalSection
	GlobalSection(NestedProjects) = preSolution
		{F0E96029-6F50-4275-BC52-9C2193282C9E} = {3AAF6B9C-875F-476B-9CED-CD69CF11EE78}
		{4CD47797-A194-4319-B08E-B38E9A8F5F18} = {3AAF6B9C-875F-476B-9CED-CD69CF11EE78}
		{A9B4CC10-5070-40B8-93D2-C7364F01EB3B} = {3AAF6B9C-875F-476B-9CED-CD69CF11EE78}
		{8B5C9EAC-52E4-40E8-AA8C-E3AB1FB7AA51} = {3AAF6B9C-875F-476B-9CED-CD69CF11EE78}
		{3CB7C0B1-786C-4B94-97BF-9CAB436AC2C9} = {3AAF6B9C-875F-476B-9CED-CD69CF11EE78}
		{2C67FB95-DCF7-46F0-9118-22C68F536EB4} = {3AAF6B9C-875F-476B-9CED-CD69CF11EE78}
		{007BF057-E179-4843-9577-07A906F5797D} = {3AAF6B9C-875F-476B-9CED-CD69CF11EE78}
		{A9402433-E8EE-4587-9E0D-1D0F9D820180} = {3AAF6B9C-875F-476B-9CED-CD69CF11EE78}
		{671D6019-A3FB-4629-8F8D-61CF3FD1BE12} = {3AAF6B9C-875F-476B-9CED-CD69CF11EE78}
		{02A06878-3A07-4963-B7A5-2D6386A48D5D} = {3AAF6B9C-875F-476B-9CED-CD69CF11EE78}
		{A5DEC16C-D592-455A-A1B3-5F1E9ECC39AA} = {1852B295-2A31-43B7-8A41-CE495ACCB7ED}
		{C0D8FF1E-F5C1-4899-9F45-BA9DF502822E} = {1852B295-2A31-43B7-8A41-CE495ACCB7ED}
		{A6314D9D-B163-4BA7-ADD0-CE095A365451} = {1852B295-2A31-43B7-8A41-CE495ACCB7ED}
		{BA2E9442-1B40-44D6-BF6A-AD6E56702752} = {1852B295-2A31-43B7-8A41-CE495ACCB7ED}
		{C9CE9FCC-C072-48D5-9533-475190ADDB3A} = {1852B295-2A31-43B7-8A41-CE495ACCB7ED}
		{A40A0A7D-6FCF-4A05-A70B-962DAA9F44F8} = {1852B295-2A31-43B7-8A41-CE495ACCB7ED}
		{A98846D9-C45F-4F95-A420-50F1A7E31946} = {1852B295-2A31-43B7-8A41-CE495ACCB7ED}
		{9A2BB6F9-DD63-485D-9C22-DFF8A950091F} = {1852B295-2A31-43B7-8A41-CE495ACCB7ED}
		{925D9B9D-9686-4945-B638-F435592A5AB5} = {1852B295-2A31-43B7-8A41-CE495ACCB7ED}
		{FC9BCE8C-03EA-4F94-AD52-08337D2F1F93} = {1852B295-2A31-43B7-8A41-CE495ACCB7ED}
		{D2E50414-E7CE-4059-9799-41525ACBE9ED} = {DE832535-FD4D-47AD-9B76-F1B88332D05C}
		{09D581CC-5791-4155-AC9F-31551158B339} = {DE832535-FD4D-47AD-9B76-F1B88332D05C}
		{2A10335C-210D-4623-907B-5A7A0BA0822A} = {DE832535-FD4D-47AD-9B76-F1B88332D05C}
		{01CAB889-DD87-43B2-9A41-B73039CFE0E7} = {DE832535-FD4D-47AD-9B76-F1B88332D05C}
		{872520B5-4107-4059-AA8F-290D2BB97E79} = {DE832535-FD4D-47AD-9B76-F1B88332D05C}
		{1E5DB20F-4A5C-4A67-A0EC-CDF3BF62D0B8} = {DE832535-FD4D-47AD-9B76-F1B88332D05C}
		{8538B541-439E-4E00-8FE7-AFD7665753D1} = {DE832535-FD4D-47AD-9B76-F1B88332D05C}
		{3760E81C-6A45-4134-9BB4-CE29844BB16D} = {DE832535-FD4D-47AD-9B76-F1B88332D05C}
		{A67062ED-1B39-47D1-9653-5EA779133D9B} = {DE832535-FD4D-47AD-9B76-F1B88332D05C}
		{0707257F-61F5-46A6-A33F-FF80CAD2CEC4} = {DF03BCE8-555B-4823-B987-3ECAD2F559FB}
		{21A07A58-5C80-4FC7-AC77-CC17AE329DF4} = {DF03BCE8-555B-4823-B987-3ECAD2F559FB}
		{8DB7A8EA-106B-4EA5-8616-9F7C7CC49672} = {DF03BCE8-555B-4823-B987-3ECAD2F559FB}
		{B791AA31-0F64-4EEE-B624-7EFDF4C63F17} = {DF03BCE8-555B-4823-B987-3ECAD2F559FB}
		{42844C48-E015-4E93-9F33-E83C339D0FA7} = {DF03BCE8-555B-4823-B987-3ECAD2F559FB}
		{5CE3FB6F-43D2-403A-9D01-58AE2875C0EC} = {DF03BCE8-555B-4823-B987-3ECAD2F559FB}
		{6BCA1F73-111F-4786-9438-E861D9CCB8D5} = {DF03BCE8-555B-4823-B987-3ECAD2F559FB}
		{6527853A-62E3-4DB5-BCD9-86A453E44668} = {DF03BCE8-555B-4823-B987-3ECAD2F559FB}
		{1E81C08E-9F68-48CD-A4C8-2A08C96F9194} = {DF03BCE8-555B-4823-B987-3ECAD2F559FB}
		{DC98C412-E015-4E4C-A49C-5021F028D84B} = {DF03BCE8-555B-4823-B987-3ECAD2F559FB}
		{DFB1C98C-DEE7-4EB8-938D-97B4A30BEBA2} = {DE832535-FD4D-47AD-9B76-F1B88332D05C}
		{0C06A418-BBFE-4BBC-A875-7C50A0B556C8} = {DE832535-FD4D-47AD-9B76-F1B88332D05C}
	EndGlobalSection
	GlobalSection(ExtensibilityGlobals) = postSolution
		SolutionGuid = {81BE8067-437D-4458-95FF-87309996ABCE}
	EndGlobalSection
EndGlobal
